Microsoft Visual Studio Solution File, Format Version 12.00
# Visual Studio Version 17
Project("{2150E333-8FDC-42A3-9474-1A3956D46DE8}") = "Core", "Core", "{349529F7-4E65-40E1-ACC2-F081F862235E}"
EndProject
Project("{2150E333-8FDC-42A3-9474-1A3956D46DE8}") = "Features", "Features", "{331EA6A6-AECB-4471-BBE0-EC2720C2790E}"
EndProject
Project("{2150E333-8FDC-42A3-9474-1A3956D46DE8}") = "Hosts", "Hosts", "{1566941F-528C-4158-B103-31C808B07843}"
EndProject
Project("{FAE04EC0-301F-11D3-BF4B-00C04F79EFBC}") = "CommonLib", "CommonLib\CommonLib.csproj", "{5DD21436-8D87-4F2D-B3F2-28C2DC962945}"
EndProject
Project("{FAE04EC0-301F-11D3-BF4B-00C04F79EFBC}") = "MyFinanceAssets.Core", "MyFinanceAssets.Core\MyFinanceAssets.Core.csproj", "{C186FB95-5CD9-4EF5-8E51-B977363127C2}"
EndProject
Project("{FAE04EC0-301F-11D3-BF4B-00C04F79EFBC}") = "MyFinancePayroll.Core", "MyFinancePayroll.Core\MyFinancePayroll.Core.csproj", "{2A8FE927-D4CA-4D65-B172-6D3F46F5C2E4}"
EndProject
Project("{FAE04EC0-301F-11D3-BF4B-00C04F79EFBC}") = "MyFinancePersonnel.Core", "MyFinancePersonnel.Core\MyFinancePersonnel.Core.csproj", "{CFC05BB4-7E6E-4EA4-8192-7B20F73AC30D}"
EndProject
Project("{FAE04EC0-301F-11D3-BF4B-00C04F79EFBC}") = "MyInventoryFoodCost.Core", "MyInventoryFoodCost.Core\MyInventoryFoodCost.Core.csproj", "{C8A04E43-D10C-49F3-B98A-AFBF66834129}"
EndProject
Project("{FAE04EC0-301F-11D3-BF4B-00C04F79EFBC}") = "MyInventoryMenu.Core", "MyInventoryMenu.Core\MyInventoryMenu.Core.csproj", "{0F7F01C7-D599-4496-A022-99E027C703B7}"
EndProject
Project("{FAE04EC0-301F-11D3-BF4B-00C04F79EFBC}") = "MyInventoryStock.Core", "MyInventoryStock.Core\MyInventoryStock.Core.csproj", "{BE9CA78B-984B-4F71-A1FB-BCC86CD48E61}"
EndProject
Project("{FAE04EC0-301F-11D3-BF4B-00C04F79EFBC}") = "ProvidersCore.Core", "ProvidersCore.Core\ProvidersCore.Core.csproj", "{349CFA51-91D1-4B4F-B9E7-0CB17A598609}"
EndProject
Project("{FAE04EC0-301F-11D3-BF4B-00C04F79EFBC}") = "ProvidersSupplies.Core", "ProvidersSupplies.Core\ProvidersSupplies.Core.csproj", "{C4A11000-F7D1-4E0E-BD90-19774FA78478}"
EndProject
Project("{FAE04EC0-301F-11D3-BF4B-00C04F79EFBC}") = "MyAdmin", "MyAdmin\MyAdmin.csproj", "{6F1C13C2-381D-49A2-B07E-1688674DAE56}"
EndProject
Project("{FAE04EC0-301F-11D3-BF4B-00C04F79EFBC}") = "MyRestaurant", "MyRestaurant\MyRestaurant.csproj", "{D30CF3BB-752F-4143-BA08-74A221F33659}"
EndProject
Project("{FAE04EC0-301F-11D3-BF4B-00C04F79EFBC}") = "DemoApp", "DemoApp\DemoApp.csproj", "{C318683B-1855-4B64-B11A-BA69E4A60DA4}"
EndProject
Global
	GlobalSection(SolutionConfigurationPlatforms) = preSolution
		Debug|Any CPU = Debug|Any CPU
		Release|Any CPU = Release|Any CPU
	EndGlobalSection
	GlobalSection(ProjectConfigurationPlatforms) = postSolution
		{5DD21436-8D87-4F2D-B3F2-28C2DC962945}.Debug|Any CPU.ActiveCfg = Debug|Any CPU
		{5DD21436-8D87-4F2D-B3F2-28C2DC962945}.Debug|Any CPU.Build.0 = Debug|Any CPU
		{5DD21436-8D87-4F2D-B3F2-28C2DC962945}.Release|Any CPU.ActiveCfg = Release|Any CPU
		{5DD21436-8D87-4F2D-B3F2-28C2DC962945}.Release|Any CPU.Build.0 = Release|Any CPU
		{C186FB95-5CD9-4EF5-8E51-B977363127C2}.Debug|Any CPU.ActiveCfg = Debug|Any CPU
		{C186FB95-5CD9-4EF5-8E51-B977363127C2}.Debug|Any CPU.Build.0 = Debug|Any CPU
		{C186FB95-5CD9-4EF5-8E51-B977363127C2}.Release|Any CPU.ActiveCfg = Release|Any CPU
		{C186FB95-5CD9-4EF5-8E51-B977363127C2}.Release|Any CPU.Build.0 = Release|Any CPU
		{2A8FE927-D4CA-4D65-B172-6D3F46F5C2E4}.Debug|Any CPU.ActiveCfg = Debug|Any CPU
		{2A8FE927-D4CA-4D65-B172-6D3F46F5C2E4}.Debug|Any CPU.Build.0 = Debug|Any CPU
		{2A8FE927-D4CA-4D65-B172-6D3F46F5C2E4}.Release|Any CPU.ActiveCfg = Release|Any CPU
		{2A8FE927-D4CA-4D65-B172-6D3F46F5C2E4}.Release|Any CPU.Build.0 = Release|Any CPU
		{CFC05BB4-7E6E-4EA4-8192-7B20F73AC30D}.Debug|Any CPU.ActiveCfg = Debug|Any CPU
		{CFC05BB4-7E6E-4EA4-8192-7B20F73AC30D}.Debug|Any CPU.Build.0 = Debug|Any CPU
		{CFC05BB4-7E6E-4EA4-8192-7B20F73AC30D}.Release|Any CPU.ActiveCfg = Release|Any CPU
		{CFC05BB4-7E6E-4EA4-8192-7B20F73AC30D}.Release|Any CPU.Build.0 = Release|Any CPU
		{C8A04E43-D10C-49F3-B98A-AFBF66834129}.Debug|Any CPU.ActiveCfg = Debug|Any CPU
		{C8A04E43-D10C-49F3-B98A-AFBF66834129}.Debug|Any CPU.Build.0 = Debug|Any CPU
		{C8A04E43-D10C-49F3-B98A-AFBF66834129}.Release|Any CPU.ActiveCfg = Release|Any CPU
		{C8A04E43-D10C-49F3-B98A-AFBF66834129}.Release|Any CPU.Build.0 = Release|Any CPU
		{0F7F01C7-D599-4496-A022-99E027C703B7}.Debug|Any CPU.ActiveCfg = Debug|Any CPU
		{0F7F01C7-D599-4496-A022-99E027C703B7}.Debug|Any CPU.Build.0 = Debug|Any CPU
		{0F7F01C7-D599-4496-A022-99E027C703B7}.Release|Any CPU.ActiveCfg = Release|Any CPU
		{0F7F01C7-D599-4496-A022-99E027C703B7}.Release|Any CPU.Build.0 = Release|Any CPU
		{BE9CA78B-984B-4F71-A1FB-BCC86CD48E61}.Debug|Any CPU.ActiveCfg = Debug|Any CPU
		{BE9CA78B-984B-4F71-A1FB-BCC86CD48E61}.Debug|Any CPU.Build.0 = Debug|Any CPU
		{BE9CA78B-984B-4F71-A1FB-BCC86CD48E61}.Release|Any CPU.ActiveCfg = Release|Any CPU
		{BE9CA78B-984B-4F71-A1FB-BCC86CD48E61}.Release|Any CPU.Build.0 = Release|Any CPU
		{349CFA51-91D1-4B4F-B9E7-0CB17A598609}.Debug|Any CPU.ActiveCfg = Debug|Any CPU
		{349CFA51-91D1-4B4F-B9E7-0CB17A598609}.Debug|Any CPU.Build.0 = Debug|Any CPU
		{349CFA51-91D1-4B4F-B9E7-0CB17A598609}.Release|Any CPU.ActiveCfg = Release|Any CPU
		{349CFA51-91D1-4B4F-B9E7-0CB17A598609}.Release|Any CPU.Build.0 = Release|Any CPU
		{C4A11000-F7D1-4E0E-BD90-19774FA78478}.Debug|Any CPU.ActiveCfg = Debug|Any CPU
		{C4A11000-F7D1-4E0E-BD90-19774FA78478}.Debug|Any CPU.Build.0 = Debug|Any CPU
		{C4A11000-F7D1-4E0E-BD90-19774FA78478}.Release|Any CPU.ActiveCfg = Release|Any CPU
		{C4A11000-F7D1-4E0E-BD90-19774FA78478}.Release|Any CPU.Build.0 = Release|Any CPU
		{6F1C13C2-381D-49A2-B07E-1688674DAE56}.Debug|Any CPU.ActiveCfg = Debug|Any CPU
		{6F1C13C2-381D-49A2-B07E-1688674DAE56}.Debug|Any CPU.Build.0 = Debug|Any CPU
		{6F1C13C2-381D-49A2-B07E-1688674DAE56}.Release|Any CPU.ActiveCfg = Release|Any CPU
		{6F1C13C2-381D-49A2-B07E-1688674DAE56}.Release|Any CPU.Build.0 = Release|Any CPU
		{D30CF3BB-752F-4143-BA08-74A221F33659}.Debug|Any CPU.ActiveCfg = Debug|Any CPU
		{D30CF3BB-752F-4143-BA08-74A221F33659}.Debug|Any CPU.Build.0 = Debug|Any CPU
		{D30CF3BB-752F-4143-BA08-74A221F33659}.Release|Any CPU.ActiveCfg = Release|Any CPU
		{D30CF3BB-752F-4143-BA08-74A221F33659}.Release|Any CPU.Build.0 = Release|Any CPU
		{C318683B-1855-4B64-B11A-BA69E4A60DA4}.Debug|Any CPU.ActiveCfg = Debug|Any CPU
		{C318683B-1855-4B64-B11A-BA69E4A60DA4}.Debug|Any CPU.Build.0 = Debug|Any CPU
		{C318683B-1855-4B64-B11A-BA69E4A60DA4}.Release|Any CPU.ActiveCfg = Release|Any CPU
		{C318683B-1855-4B64-B11A-BA69E4A60DA4}.Release|Any CPU.Build.0 = Release|Any CPU
	EndGlobalSection
	GlobalSection(NestedProjects) = preSolution
		{5DD21436-8D87-4F2D-B3F2-28C2DC962945} = {349529F7-4E65-40E1-ACC2-F081F862235E}
		{C186FB95-5CD9-4EF5-8E51-B977363127C2} = {349529F7-4E65-40E1-ACC2-F081F862235E}
		{2A8FE927-D4CA-4D65-B172-6D3F46F5C2E4} = {349529F7-4E65-40E1-ACC2-F081F862235E}
		{CFC05BB4-7E6E-4EA4-8192-7B20F73AC30D} = {349529F7-4E65-40E1-ACC2-F081F862235E}
		{C8A04E43-D10C-49F3-B98A-AFBF66834129} = {349529F7-4E65-40E1-ACC2-F081F862235E}
		{0F7F01C7-D599-4496-A022-99E027C703B7} = {349529F7-4E65-40E1-ACC2-F081F862235E}
		{BE9CA78B-984B-4F71-A1FB-BCC86CD48E61} = {349529F7-4E65-40E1-ACC2-F081F862235E}
		{349CFA51-91D1-4B4F-B9E7-0CB17A598609} = {349529F7-4E65-40E1-ACC2-F081F862235E}
		{C4A11000-F7D1-4E0E-BD90-19774FA78478} = {349529F7-4E65-40E1-ACC2-F081F862235E}
		{6F1C13C2-381D-49A2-B07E-1688674DAE56} = {331EA6A6-AECB-4471-BBE0-EC2720C2790E}
		{D30CF3BB-752F-4143-BA08-74A221F33659} = {331EA6A6-AECB-4471-BBE0-EC2720C2790E}
		{C318683B-1855-4B64-B11A-BA69E4A60DA4} = {1566941F-528C-4158-B103-31C808B07843}
	EndGlobalSection
EndGlobal
